// !$*UTF8*$!
{
	archiveVersion = 1;
	classes = {
	};
	objectVersion = 54;
	objects = {

/* Begin PBXBuildFile section */
		00E356F31AD99517003FC87E /* ANTIJOURNALTests.m in Sources */ = {isa = PBXBuildFile; fileRef = 00E356F21AD99517003FC87E /* ANTIJOURNALTests.m */; };
		13B07FBC1A68108700A75B9A /* AppDelegate.m in Sources */ = {isa = PBXBuildFile; fileRef = 13B07FB01A68108700A75B9A /* AppDelegate.m */; };
		13B07FBF1A68108700A75B9A /* Images.xcassets in Resources */ = {isa = PBXBuildFile; fileRef = 13B07FB51A68108700A75B9A /* Images.xcassets */; };
		13B07FC11A68108700A75B9A /* main.m in Sources */ = {isa = PBXBuildFile; fileRef = 13B07FB71A68108700A75B9A /* main.m */; };
		81AB9BB82411601600AC10FF /* LaunchScreen.storyboard in Resources */ = {isa = PBXBuildFile; fileRef = 81AB9BB72411601600AC10FF /* LaunchScreen.storyboard */; };
		D12C44A9D8FC4A36A77B0172 /* Baskervville-Italic.ttf in Resources */ = {isa = PBXBuildFile; fileRef = F2D80DAA7DD142DD9704C171 /* Baskervville-Italic.ttf */; };
		CC9C6FE0723D4311B8C8EFE6 /* Baskervville-Regular.ttf in Resources */ = {isa = PBXBuildFile; fileRef = 6D6D4B825EA74FF6A6798D8C /* Baskervville-Regular.ttf */; };
		1C66C359F66245689339CC1D /* CedarvilleCursive-Regular.ttf in Resources */ = {isa = PBXBuildFile; fileRef = 73412A0B492A43358B09198F /* CedarvilleCursive-Regular.ttf */; };
		BF8CF6FCA4DB4955AE5B8BD5 /* Festive-Regular.ttf in Resources */ = {isa = PBXBuildFile; fileRef = 4E4BC55D86C2449399862923 /* Festive-Regular.ttf */; };
		331B80E23B00424CBEE5A843 /* Montserrat-Italic-VariableFont_wght.ttf in Resources */ = {isa = PBXBuildFile; fileRef = 897E1920C3F84DE58156D99C /* Montserrat-Italic-VariableFont_wght.ttf */; };
		73558BB1A12A4D2492044C77 /* Montserrat-VariableFont_wght.ttf in Resources */ = {isa = PBXBuildFile; fileRef = A7CB446EAC444FB9BBD1A136 /* Montserrat-VariableFont_wght.ttf */; };
		4653FC442912496C94094C9B /* PatrickHand-Regular.ttf in Resources */ = {isa = PBXBuildFile; fileRef = B72962A3CCDE47938B18FD32 /* PatrickHand-Regular.ttf */; };
		DD8FAF9A9A154621B7F98827 /* PTSans-Italic.ttf in Resources */ = {isa = PBXBuildFile; fileRef = 9C9927AD55BC4A17844A24A4 /* PTSans-Italic.ttf */; };
		220829FED6ED48598F6E3A00 /* PTSans-Regular.ttf in Resources */ = {isa = PBXBuildFile; fileRef = B72DDD75644A472D9F4AE035 /* PTSans-Regular.ttf */; };
		E1EDACDC28BF478587342786 /* Roboto-Regular.ttf in Resources */ = {isa = PBXBuildFile; fileRef = 1BDACB8DFA8C418C9269CD1F /* Roboto-Regular.ttf */; };
		BFA59920B88D45329F42C3AC /* Satisfy-Regular.ttf in Resources */ = {isa = PBXBuildFile; fileRef = 61E4341DD0B546B2A47B9D76 /* Satisfy-Regular.ttf */; };
		050153731E07489BB676EAA0 /* SourceSansPro-Regular.ttf in Resources */ = {isa = PBXBuildFile; fileRef = 97365403B0254AA5BE28F92D /* SourceSansPro-Regular.ttf */; };
		A01727ED197745BEBADD22BF /* Bangers-Regular.ttf in Resources */ = {isa = PBXBuildFile; fileRef = F34156A7C93C4CE293689A45 /* Bangers-Regular.ttf */; };
		C9BC4FC2A3294469847FC645 /* Calibri Bold.TTF in Resources */ = {isa = PBXBuildFile; fileRef = CACBA781A8EA4FFE8A2340C7 /* Calibri Bold.TTF */; };
		7600AAA3F8F54318AFCCD566 /* Calibri Regular.ttf in Resources */ = {isa = PBXBuildFile; fileRef = B29C9ECC762049E18DE8E009 /* Calibri Regular.ttf */; };
		7C697FED47724788818AD9A7 /* GFSNeohellenic-BoldItalic.ttf in Resources */ = {isa = PBXBuildFile; fileRef = 6EA1C13BC51D44A39B83CBB5 /* GFSNeohellenic-BoldItalic.ttf */; };
		FCDB529FC5424F25B5AB39DD /* Montserrat-Bold.ttf in Resources */ = {isa = PBXBuildFile; fileRef = CD57E888D8384E3EAD3A00F2 /* Montserrat-Bold.ttf */; };
		8C649F00D68B4EF89DFC3EAA /* Montserrat-Regular.ttf in Resources */ = {isa = PBXBuildFile; fileRef = 7BDBF9E22B7F48E7A5C3FD06 /* Montserrat-Regular.ttf */; };
		9B07C30DA5AD4A14A44F8877 /* MyGreekFont.ttf in Resources */ = {isa = PBXBuildFile; fileRef = FFF02644869D4F6EA1C97E84 /* MyGreekFont.ttf */; };
		9479A791B4AF4F9A8233A243 /* Roboto-Bold.ttf in Resources */ = {isa = PBXBuildFile; fileRef = 2CDC7B2C29EA49B48311347A /* Roboto-Bold.ttf */; };
		3AADF039E00C4561A7DD3139 /* Rubik-VariableFont_wght.ttf in Resources */ = {isa = PBXBuildFile; fileRef = 26991395002F4A919D2D3E09 /* Rubik-VariableFont_wght.ttf */; };
		2C9F657F4A574B81A39279C1 /* SendFlowers-Regular.ttf in Resources */ = {isa = PBXBuildFile; fileRef = B145F67316F64244B9364673 /* SendFlowers-Regular.ttf */; };
		03535A03782A4A5981D470CB /* times new roman italic.ttf in Resources */ = {isa = PBXBuildFile; fileRef = B1179E4A53B84F32B1DE995D /* times new roman italic.ttf */; };
		F5D024AFC26D40B0BB8EACAF /* DancingScript-Regular.ttf in Resources */ = {isa = PBXBuildFile; fileRef = 7F3E93DD80DC470BB80FC561 /* DancingScript-Regular.ttf */; };
		2FDFE2E8EF214E0FAB34E8EE /* NotoSerifHebrew-VariableFont_wdth,wght.ttf in Resources */ = {isa = PBXBuildFile; fileRef = 3D817C3251B4487F86116FC7 /* NotoSerifHebrew-VariableFont_wdth,wght.ttf */; };
		CAE4D0DD7AD640B8BFC969CA /* Bonbon-Regular.ttf in Resources */ = {isa = PBXBuildFile; fileRef = EFBC37399DB64CDCB11A587C /* Bonbon-Regular.ttf */; };
		15ED115787474C7D914E9C25 /* Bongos2-2vp3.ttf in Resources */ = {isa = PBXBuildFile; fileRef = 09FADB5AB6444FAB810000CD /* Bongos2-2vp3.ttf */; };
		5E5171D130D9428294BFD0AD /* Wingdings.ttf in Resources */ = {isa = PBXBuildFile; fileRef = 79DF772D06B2434AB62F2D09 /* Wingdings.ttf */; };
		3A059475988B492C8E257BD5 /* Bonbon.ttf in Resources */ = {isa = PBXBuildFile; fileRef = 8965E5133E01434C9B64AC91 /* Bonbon.ttf */; };
		5D6960404F0C4FD9B6BB5D27 /* Baskervville-I.ttf in Resources */ = {isa = PBXBuildFile; fileRef = 070D963D94D44B64BF2ADC00 /* Baskervville-I.ttf */; };
		3E0AD8BBDB444D3CBD78D97A /* Baskervville.ttf in Resources */ = {isa = PBXBuildFile; fileRef = 156176D2066848D9AEBB262B /* Baskervville.ttf */; };
		B63A94BB78EA40C19B87DB6D /* Calibri.ttf in Resources */ = {isa = PBXBuildFile; fileRef = E68AE1892B3E45EF8CBD87F1 /* Calibri.ttf */; };
		CF909FC25CE540B9846956D0 /* Cursive.ttf in Resources */ = {isa = PBXBuildFile; fileRef = FA5E39F2BDCE47C9AC9C4D3E /* Cursive.ttf */; };
		B7B6BCF4EE87413B84BCF8EE /* Dancing.ttf in Resources */ = {isa = PBXBuildFile; fileRef = F7EA33B120E6453EBE668B30 /* Dancing.ttf */; };
		B8BE812E61FC4FEFB574B31E /* Festive.ttf in Resources */ = {isa = PBXBuildFile; fileRef = CB96697D703D48A4A718C18C /* Festive.ttf */; };
		6B37BDC22FFB498B98A8EDCF /* Montserrat-B.ttf in Resources */ = {isa = PBXBuildFile; fileRef = A9189D67B8CC4ED19F3880DB /* Montserrat-B.ttf */; };
		AD1C53BF5D2C4881AD463218 /* Montserrat.ttf in Resources */ = {isa = PBXBuildFile; fileRef = DDB7CF2B5598444C935782B8 /* Montserrat.ttf */; };
		D93B0C903D084AE2A8726AEA /* PatrickHand.ttf in Resources */ = {isa = PBXBuildFile; fileRef = 2F68D526216F4AB4A772B9B1 /* PatrickHand.ttf */; };
		4F2D05A269D94ED4BA301EFD /* PTSans-I.ttf in Resources */ = {isa = PBXBuildFile; fileRef = 2EAC1065EA9342919B034316 /* PTSans-I.ttf */; };
		F4592A0755D44351981A2A01 /* PTSans.ttf in Resources */ = {isa = PBXBuildFile; fileRef = 2EFE86DB8DC84A13A2932900 /* PTSans.ttf */; };
		A8ABBF57115043898A868301 /* Roboto-B.ttf in Resources */ = {isa = PBXBuildFile; fileRef = FA6905CA2FC443F1AC32073C /* Roboto-B.ttf */; };
		547A083834AE4FD6B0E3F0F5 /* Roboto.ttf in Resources */ = {isa = PBXBuildFile; fileRef = F0E336D8F09C4A3AAD375BCB /* Roboto.ttf */; };
		F02735D5491E4CF590B3E334 /* Satisfy.ttf in Resources */ = {isa = PBXBuildFile; fileRef = 6289B4BAC8114EE1BA04DBC6 /* Satisfy.ttf */; };
		26ABB461D4E244E186B32FE0 /* SourceSans.ttf in Resources */ = {isa = PBXBuildFile; fileRef = 76A3344C3624407BA5549594 /* SourceSans.ttf */; };
		4F45ACFBEDCA49258A0B05C9 /* times-italic.ttf in Resources */ = {isa = PBXBuildFile; fileRef = 337A8426BC5045878B68CAB7 /* times-italic.ttf */; };
/* End PBXBuildFile section */

/* Begin PBXContainerItemProxy section */
		00E356F41AD99517003FC87E /* PBXContainerItemProxy */ = {
			isa = PBXContainerItemProxy;
			containerPortal = 83CBB9F71A601CBA00E9B192 /* Project object */;
			proxyType = 1;
			remoteGlobalIDString = 13B07F861A680F5B00A75B9A;
			remoteInfo = ANTIJOURNAL;
		};
/* End PBXContainerItemProxy section */

/* Begin PBXFileReference section */
		00E356EE1AD99517003FC87E /* ANTIJOURNALTests.xctest */ = {isa = PBXFileReference; explicitFileType = wrapper.cfbundle; includeInIndex = 0; path = ANTIJOURNALTests.xctest; sourceTree = BUILT_PRODUCTS_DIR; };
		00E356F11AD99517003FC87E /* Info.plist */ = {isa = PBXFileReference; lastKnownFileType = text.plist.xml; path = Info.plist; sourceTree = "<group>"; };
		00E356F21AD99517003FC87E /* ANTIJOURNALTests.m */ = {isa = PBXFileReference; lastKnownFileType = sourcecode.c.objc; path = ANTIJOURNALTests.m; sourceTree = "<group>"; };
		13B07F961A680F5B00A75B9A /* ANTIJOURNAL.app */ = {isa = PBXFileReference; explicitFileType = wrapper.application; includeInIndex = 0; path = ANTIJOURNAL.app; sourceTree = BUILT_PRODUCTS_DIR; };
		13B07FAF1A68108700A75B9A /* AppDelegate.h */ = {isa = PBXFileReference; fileEncoding = 4; lastKnownFileType = sourcecode.c.h; name = AppDelegate.h; path = ANTIJOURNAL/AppDelegate.h; sourceTree = "<group>"; };
		13B07FB01A68108700A75B9A /* AppDelegate.m */ = {isa = PBXFileReference; fileEncoding = 4; lastKnownFileType = sourcecode.c.objc; name = AppDelegate.m; path = ANTIJOURNAL/AppDelegate.m; sourceTree = "<group>"; };
		13B07FB51A68108700A75B9A /* Images.xcassets */ = {isa = PBXFileReference; lastKnownFileType = folder.assetcatalog; name = Images.xcassets; path = ANTIJOURNAL/Images.xcassets; sourceTree = "<group>"; };
		13B07FB61A68108700A75B9A /* Info.plist */ = {isa = PBXFileReference; fileEncoding = 4; lastKnownFileType = text.plist.xml; name = Info.plist; path = ANTIJOURNAL/Info.plist; sourceTree = "<group>"; };
		13B07FB71A68108700A75B9A /* main.m */ = {isa = PBXFileReference; fileEncoding = 4; lastKnownFileType = sourcecode.c.objc; name = main.m; path = ANTIJOURNAL/main.m; sourceTree = "<group>"; };
		81AB9BB72411601600AC10FF /* LaunchScreen.storyboard */ = {isa = PBXFileReference; fileEncoding = 4; lastKnownFileType = file.storyboard; name = LaunchScreen.storyboard; path = ANTIJOURNAL/LaunchScreen.storyboard; sourceTree = "<group>"; };
		ED297162215061F000B7C4FE /* JavaScriptCore.framework */ = {isa = PBXFileReference; lastKnownFileType = wrapper.framework; name = JavaScriptCore.framework; path = System/Library/Frameworks/JavaScriptCore.framework; sourceTree = SDKROOT; };
		F2D80DAA7DD142DD9704C171 /* Baskervville-Italic.ttf */ = {isa = PBXFileReference; name = "Baskervville-Italic.ttf"; path = "../Assets/fonts/Baskervville-Italic.ttf"; sourceTree = "<group>"; fileEncoding = undefined; lastKnownFileType = unknown; explicitFileType = undefined; includeInIndex = 0; };
		6D6D4B825EA74FF6A6798D8C /* Baskervville-Regular.ttf */ = {isa = PBXFileReference; name = "Baskervville-Regular.ttf"; path = "../Assets/fonts/Baskervville-Regular.ttf"; sourceTree = "<group>"; fileEncoding = undefined; lastKnownFileType = unknown; explicitFileType = undefined; includeInIndex = 0; };
		73412A0B492A43358B09198F /* CedarvilleCursive-Regular.ttf */ = {isa = PBXFileReference; name = "CedarvilleCursive-Regular.ttf"; path = "../Assets/fonts/CedarvilleCursive-Regular.ttf"; sourceTree = "<group>"; fileEncoding = undefined; lastKnownFileType = unknown; explicitFileType = undefined; includeInIndex = 0; };
		4E4BC55D86C2449399862923 /* Festive-Regular.ttf */ = {isa = PBXFileReference; name = "Festive-Regular.ttf"; path = "../Assets/fonts/Festive-Regular.ttf"; sourceTree = "<group>"; fileEncoding = undefined; lastKnownFileType = unknown; explicitFileType = undefined; includeInIndex = 0; };
		897E1920C3F84DE58156D99C /* Montserrat-Italic-VariableFont_wght.ttf */ = {isa = PBXFileReference; name = "Montserrat-Italic-VariableFont_wght.ttf"; path = "../Assets/fonts/Montserrat-Italic-VariableFont_wght.ttf"; sourceTree = "<group>"; fileEncoding = undefined; lastKnownFileType = unknown; explicitFileType = undefined; includeInIndex = 0; };
		A7CB446EAC444FB9BBD1A136 /* Montserrat-VariableFont_wght.ttf */ = {isa = PBXFileReference; name = "Montserrat-VariableFont_wght.ttf"; path = "../Assets/fonts/Montserrat-VariableFont_wght.ttf"; sourceTree = "<group>"; fileEncoding = undefined; lastKnownFileType = unknown; explicitFileType = undefined; includeInIndex = 0; };
		B72962A3CCDE47938B18FD32 /* PatrickHand-Regular.ttf */ = {isa = PBXFileReference; name = "PatrickHand-Regular.ttf"; path = "../Assets/fonts/PatrickHand-Regular.ttf"; sourceTree = "<group>"; fileEncoding = undefined; lastKnownFileType = unknown; explicitFileType = undefined; includeInIndex = 0; };
		9C9927AD55BC4A17844A24A4 /* PTSans-Italic.ttf */ = {isa = PBXFileReference; name = "PTSans-Italic.ttf"; path = "../Assets/fonts/PTSans-Italic.ttf"; sourceTree = "<group>"; fileEncoding = undefined; lastKnownFileType = unknown; explicitFileType = undefined; includeInIndex = 0; };
		B72DDD75644A472D9F4AE035 /* PTSans-Regular.ttf */ = {isa = PBXFileReference; name = "PTSans-Regular.ttf"; path = "../Assets/fonts/PTSans-Regular.ttf"; sourceTree = "<group>"; fileEncoding = undefined; lastKnownFileType = unknown; explicitFileType = undefined; includeInIndex = 0; };
		1BDACB8DFA8C418C9269CD1F /* Roboto-Regular.ttf */ = {isa = PBXFileReference; name = "Roboto-Regular.ttf"; path = "../Assets/fonts/Roboto-Regular.ttf"; sourceTree = "<group>"; fileEncoding = undefined; lastKnownFileType = unknown; explicitFileType = undefined; includeInIndex = 0; };
		61E4341DD0B546B2A47B9D76 /* Satisfy-Regular.ttf */ = {isa = PBXFileReference; name = "Satisfy-Regular.ttf"; path = "../Assets/fonts/Satisfy-Regular.ttf"; sourceTree = "<group>"; fileEncoding = undefined; lastKnownFileType = unknown; explicitFileType = undefined; includeInIndex = 0; };
		97365403B0254AA5BE28F92D /* SourceSansPro-Regular.ttf */ = {isa = PBXFileReference; name = "SourceSansPro-Regular.ttf"; path = "../Assets/fonts/SourceSansPro-Regular.ttf"; sourceTree = "<group>"; fileEncoding = undefined; lastKnownFileType = unknown; explicitFileType = undefined; includeInIndex = 0; };
		F34156A7C93C4CE293689A45 /* Bangers-Regular.ttf */ = {isa = PBXFileReference; name = "Bangers-Regular.ttf"; path = "../Assets/fonts/Bangers-Regular.ttf"; sourceTree = "<group>"; fileEncoding = undefined; lastKnownFileType = unknown; explicitFileType = undefined; includeInIndex = 0; };
		CACBA781A8EA4FFE8A2340C7 /* Calibri Bold.TTF */ = {isa = PBXFileReference; name = "Calibri Bold.TTF"; path = "../Assets/fonts/Calibri Bold.TTF"; sourceTree = "<group>"; fileEncoding = undefined; lastKnownFileType = unknown; explicitFileType = undefined; includeInIndex = 0; };
		B29C9ECC762049E18DE8E009 /* Calibri Regular.ttf */ = {isa = PBXFileReference; name = "Calibri Regular.ttf"; path = "../Assets/fonts/Calibri Regular.ttf"; sourceTree = "<group>"; fileEncoding = undefined; lastKnownFileType = unknown; explicitFileType = undefined; includeInIndex = 0; };
		6EA1C13BC51D44A39B83CBB5 /* GFSNeohellenic-BoldItalic.ttf */ = {isa = PBXFileReference; name = "GFSNeohellenic-BoldItalic.ttf"; path = "../Assets/fonts/GFSNeohellenic-BoldItalic.ttf"; sourceTree = "<group>"; fileEncoding = undefined; lastKnownFileType = unknown; explicitFileType = undefined; includeInIndex = 0; };
		CD57E888D8384E3EAD3A00F2 /* Montserrat-Bold.ttf */ = {isa = PBXFileReference; name = "Montserrat-Bold.ttf"; path = "../Assets/fonts/Montserrat-Bold.ttf"; sourceTree = "<group>"; fileEncoding = undefined; lastKnownFileType = unknown; explicitFileType = undefined; includeInIndex = 0; };
		7BDBF9E22B7F48E7A5C3FD06 /* Montserrat-Regular.ttf */ = {isa = PBXFileReference; name = "Montserrat-Regular.ttf"; path = "../Assets/fonts/Montserrat-Regular.ttf"; sourceTree = "<group>"; fileEncoding = undefined; lastKnownFileType = unknown; explicitFileType = undefined; includeInIndex = 0; };
		FFF02644869D4F6EA1C97E84 /* MyGreekFont.ttf */ = {isa = PBXFileReference; name = "MyGreekFont.ttf"; path = "../Assets/fonts/MyGreekFont.ttf"; sourceTree = "<group>"; fileEncoding = undefined; lastKnownFileType = unknown; explicitFileType = undefined; includeInIndex = 0; };
		2CDC7B2C29EA49B48311347A /* Roboto-Bold.ttf */ = {isa = PBXFileReference; name = "Roboto-Bold.ttf"; path = "../Assets/fonts/Roboto-Bold.ttf"; sourceTree = "<group>"; fileEncoding = undefined; lastKnownFileType = unknown; explicitFileType = undefined; includeInIndex = 0; };
		26991395002F4A919D2D3E09 /* Rubik-VariableFont_wght.ttf */ = {isa = PBXFileReference; name = "Rubik-VariableFont_wght.ttf"; path = "../Assets/fonts/Rubik-VariableFont_wght.ttf"; sourceTree = "<group>"; fileEncoding = undefined; lastKnownFileType = unknown; explicitFileType = undefined; includeInIndex = 0; };
		B145F67316F64244B9364673 /* SendFlowers-Regular.ttf */ = {isa = PBXFileReference; name = "SendFlowers-Regular.ttf"; path = "../Assets/fonts/SendFlowers-Regular.ttf"; sourceTree = "<group>"; fileEncoding = undefined; lastKnownFileType = unknown; explicitFileType = undefined; includeInIndex = 0; };
		B1179E4A53B84F32B1DE995D /* times new roman italic.ttf */ = {isa = PBXFileReference; name = "times new roman italic.ttf"; path = "../Assets/fonts/times new roman italic.ttf"; sourceTree = "<group>"; fileEncoding = undefined; lastKnownFileType = unknown; explicitFileType = undefined; includeInIndex = 0; };
		7F3E93DD80DC470BB80FC561 /* DancingScript-Regular.ttf */ = {isa = PBXFileReference; name = "DancingScript-Regular.ttf"; path = "../Assets/fonts/DancingScript-Regular.ttf"; sourceTree = "<group>"; fileEncoding = undefined; lastKnownFileType = unknown; explicitFileType = undefined; includeInIndex = 0; };
		3D817C3251B4487F86116FC7 /* NotoSerifHebrew-VariableFont_wdth,wght.ttf */ = {isa = PBXFileReference; name = "NotoSerifHebrew-VariableFont_wdth,wght.ttf"; path = "../Assets/fonts/NotoSerifHebrew-VariableFont_wdth,wght.ttf"; sourceTree = "<group>"; fileEncoding = undefined; lastKnownFileType = unknown; explicitFileType = undefined; includeInIndex = 0; };
		EFBC37399DB64CDCB11A587C /* Bonbon-Regular.ttf */ = {isa = PBXFileReference; name = "Bonbon-Regular.ttf"; path = "../Assets/fonts/Bonbon-Regular.ttf"; sourceTree = "<group>"; fileEncoding = undefined; lastKnownFileType = unknown; explicitFileType = undefined; includeInIndex = 0; };
		09FADB5AB6444FAB810000CD /* Bongos2-2vp3.ttf */ = {isa = PBXFileReference; name = "Bongos2-2vp3.ttf"; path = "../Assets/fonts/Bongos2-2vp3.ttf"; sourceTree = "<group>"; fileEncoding = undefined; lastKnownFileType = unknown; explicitFileType = undefined; includeInIndex = 0; };
		79DF772D06B2434AB62F2D09 /* Wingdings.ttf */ = {isa = PBXFileReference; name = "Wingdings.ttf"; path = "../Assets/fonts/Wingdings.ttf"; sourceTree = "<group>"; fileEncoding = undefined; lastKnownFileType = unknown; explicitFileType = undefined; includeInIndex = 0; };
		8965E5133E01434C9B64AC91 /* Bonbon.ttf */ = {isa = PBXFileReference; name = "Bonbon.ttf"; path = "../Assets/fonts/Bonbon.ttf"; sourceTree = "<group>"; fileEncoding = undefined; lastKnownFileType = unknown; explicitFileType = undefined; includeInIndex = 0; };
		070D963D94D44B64BF2ADC00 /* Baskervville-I.ttf */ = {isa = PBXFileReference; name = "Baskervville-I.ttf"; path = "../Assets/fonts/Baskervville-I.ttf"; sourceTree = "<group>"; fileEncoding = undefined; lastKnownFileType = unknown; explicitFileType = undefined; includeInIndex = 0; };
		156176D2066848D9AEBB262B /* Baskervville.ttf */ = {isa = PBXFileReference; name = "Baskervville.ttf"; path = "../Assets/fonts/Baskervville.ttf"; sourceTree = "<group>"; fileEncoding = undefined; lastKnownFileType = unknown; explicitFileType = undefined; includeInIndex = 0; };
		E68AE1892B3E45EF8CBD87F1 /* Calibri.ttf */ = {isa = PBXFileReference; name = "Calibri.ttf"; path = "../Assets/fonts/Calibri.ttf"; sourceTree = "<group>"; fileEncoding = undefined; lastKnownFileType = unknown; explicitFileType = undefined; includeInIndex = 0; };
		FA5E39F2BDCE47C9AC9C4D3E /* Cursive.ttf */ = {isa = PBXFileReference; name = "Cursive.ttf"; path = "../Assets/fonts/Cursive.ttf"; sourceTree = "<group>"; fileEncoding = undefined; lastKnownFileType = unknown; explicitFileType = undefined; includeInIndex = 0; };
		F7EA33B120E6453EBE668B30 /* Dancing.ttf */ = {isa = PBXFileReference; name = "Dancing.ttf"; path = "../Assets/fonts/Dancing.ttf"; sourceTree = "<group>"; fileEncoding = undefined; lastKnownFileType = unknown; explicitFileType = undefined; includeInIndex = 0; };
		CB96697D703D48A4A718C18C /* Festive.ttf */ = {isa = PBXFileReference; name = "Festive.ttf"; path = "../Assets/fonts/Festive.ttf"; sourceTree = "<group>"; fileEncoding = undefined; lastKnownFileType = unknown; explicitFileType = undefined; includeInIndex = 0; };
		A9189D67B8CC4ED19F3880DB /* Montserrat-B.ttf */ = {isa = PBXFileReference; name = "Montserrat-B.ttf"; path = "../Assets/fonts/Montserrat-B.ttf"; sourceTree = "<group>"; fileEncoding = undefined; lastKnownFileType = unknown; explicitFileType = undefined; includeInIndex = 0; };
		DDB7CF2B5598444C935782B8 /* Montserrat.ttf */ = {isa = PBXFileReference; name = "Montserrat.ttf"; path = "../Assets/fonts/Montserrat.ttf"; sourceTree = "<group>"; fileEncoding = undefined; lastKnownFileType = unknown; explicitFileType = undefined; includeInIndex = 0; };
		2F68D526216F4AB4A772B9B1 /* PatrickHand.ttf */ = {isa = PBXFileReference; name = "PatrickHand.ttf"; path = "../Assets/fonts/PatrickHand.ttf"; sourceTree = "<group>"; fileEncoding = undefined; lastKnownFileType = unknown; explicitFileType = undefined; includeInIndex = 0; };
		2EAC1065EA9342919B034316 /* PTSans-I.ttf */ = {isa = PBXFileReference; name = "PTSans-I.ttf"; path = "../Assets/fonts/PTSans-I.ttf"; sourceTree = "<group>"; fileEncoding = undefined; lastKnownFileType = unknown; explicitFileType = undefined; includeInIndex = 0; };
		2EFE86DB8DC84A13A2932900 /* PTSans.ttf */ = {isa = PBXFileReference; name = "PTSans.ttf"; path = "../Assets/fonts/PTSans.ttf"; sourceTree = "<group>"; fileEncoding = undefined; lastKnownFileType = unknown; explicitFileType = undefined; includeInIndex = 0; };
		FA6905CA2FC443F1AC32073C /* Roboto-B.ttf */ = {isa = PBXFileReference; name = "Roboto-B.ttf"; path = "../Assets/fonts/Roboto-B.ttf"; sourceTree = "<group>"; fileEncoding = undefined; lastKnownFileType = unknown; explicitFileType = undefined; includeInIndex = 0; };
		F0E336D8F09C4A3AAD375BCB /* Roboto.ttf */ = {isa = PBXFileReference; name = "Roboto.ttf"; path = "../Assets/fonts/Roboto.ttf"; sourceTree = "<group>"; fileEncoding = undefined; lastKnownFileType = unknown; explicitFileType = undefined; includeInIndex = 0; };
		6289B4BAC8114EE1BA04DBC6 /* Satisfy.ttf */ = {isa = PBXFileReference; name = "Satisfy.ttf"; path = "../Assets/fonts/Satisfy.ttf"; sourceTree = "<group>"; fileEncoding = undefined; lastKnownFileType = unknown; explicitFileType = undefined; includeInIndex = 0; };
		76A3344C3624407BA5549594 /* SourceSans.ttf */ = {isa = PBXFileReference; name = "SourceSans.ttf"; path = "../Assets/fonts/SourceSans.ttf"; sourceTree = "<group>"; fileEncoding = undefined; lastKnownFileType = unknown; explicitFileType = undefined; includeInIndex = 0; };
		337A8426BC5045878B68CAB7 /* times-italic.ttf */ = {isa = PBXFileReference; name = "times-italic.ttf"; path = "../Assets/fonts/times-italic.ttf"; sourceTree = "<group>"; fileEncoding = undefined; lastKnownFileType = unknown; explicitFileType = undefined; includeInIndex = 0; };
/* End PBXFileReference section */

/* Begin PBXFrameworksBuildPhase section */
		00E356EB1AD99517003FC87E /* Frameworks */ = {
			isa = PBXFrameworksBuildPhase;
			buildActionMask = 2147483647;
			files = (
			);
			runOnlyForDeploymentPostprocessing = 0;
		};
		13B07F8C1A680F5B00A75B9A /* Frameworks */ = {
			isa = PBXFrameworksBuildPhase;
			buildActionMask = 2147483647;
			files = (
			);
			runOnlyForDeploymentPostprocessing = 0;
		};
/* End PBXFrameworksBuildPhase section */

/* Begin PBXGroup section */
		00E356EF1AD99517003FC87E /* ANTIJOURNALTests */ = {
			isa = PBXGroup;
			children = (
				00E356F21AD99517003FC87E /* ANTIJOURNALTests.m */,
				00E356F01AD99517003FC87E /* Supporting Files */,
			);
			path = ANTIJOURNALTests;
			sourceTree = "<group>";
		};
		00E356F01AD99517003FC87E /* Supporting Files */ = {
			isa = PBXGroup;
			children = (
				00E356F11AD99517003FC87E /* Info.plist */,
			);
			name = "Supporting Files";
			sourceTree = "<group>";
		};
		13B07FAE1A68108700A75B9A /* ANTIJOURNAL */ = {
			isa = PBXGroup;
			children = (
				13B07FAF1A68108700A75B9A /* AppDelegate.h */,
				13B07FB01A68108700A75B9A /* AppDelegate.m */,
				13B07FB51A68108700A75B9A /* Images.xcassets */,
				13B07FB61A68108700A75B9A /* Info.plist */,
				81AB9BB72411601600AC10FF /* LaunchScreen.storyboard */,
				13B07FB71A68108700A75B9A /* main.m */,
			);
			name = ANTIJOURNAL;
			sourceTree = "<group>";
		};
		2D16E6871FA4F8E400B85C8A /* Frameworks */ = {
			isa = PBXGroup;
			children = (
				ED297162215061F000B7C4FE /* JavaScriptCore.framework */,
			);
			name = Frameworks;
			sourceTree = "<group>";
		};
		832341AE1AAA6A7D00B99B32 /* Libraries */ = {
			isa = PBXGroup;
			children = (
			);
			name = Libraries;
			sourceTree = "<group>";
		};
		83CBB9F61A601CBA00E9B192 = {
			isa = PBXGroup;
			children = (
				13B07FAE1A68108700A75B9A /* ANTIJOURNAL */,
				832341AE1AAA6A7D00B99B32 /* Libraries */,
				00E356EF1AD99517003FC87E /* ANTIJOURNALTests */,
				83CBBA001A601CBA00E9B192 /* Products */,
				2D16E6871FA4F8E400B85C8A /* Frameworks */,
				3F8C8FAA728F45F3824A8DD7 /* Resources */,
			);
			indentWidth = 2;
			sourceTree = "<group>";
			tabWidth = 2;
			usesTabs = 0;
		};
		83CBBA001A601CBA00E9B192 /* Products */ = {
			isa = PBXGroup;
			children = (
				13B07F961A680F5B00A75B9A /* ANTIJOURNAL.app */,
				00E356EE1AD99517003FC87E /* ANTIJOURNALTests.xctest */,
			);
			name = Products;
			sourceTree = "<group>";
		};
		3F8C8FAA728F45F3824A8DD7 /* Resources */ = {
			isa = "PBXGroup";
			children = (
				F2D80DAA7DD142DD9704C171 /* Baskervville-Italic.ttf */,
				6D6D4B825EA74FF6A6798D8C /* Baskervville-Regular.ttf */,
				73412A0B492A43358B09198F /* CedarvilleCursive-Regular.ttf */,
				4E4BC55D86C2449399862923 /* Festive-Regular.ttf */,
				897E1920C3F84DE58156D99C /* Montserrat-Italic-VariableFont_wght.ttf */,
				A7CB446EAC444FB9BBD1A136 /* Montserrat-VariableFont_wght.ttf */,
				B72962A3CCDE47938B18FD32 /* PatrickHand-Regular.ttf */,
				9C9927AD55BC4A17844A24A4 /* PTSans-Italic.ttf */,
				B72DDD75644A472D9F4AE035 /* PTSans-Regular.ttf */,
				1BDACB8DFA8C418C9269CD1F /* Roboto-Regular.ttf */,
				61E4341DD0B546B2A47B9D76 /* Satisfy-Regular.ttf */,
				97365403B0254AA5BE28F92D /* SourceSansPro-Regular.ttf */,
				F34156A7C93C4CE293689A45 /* Bangers-Regular.ttf */,
				CACBA781A8EA4FFE8A2340C7 /* Calibri Bold.TTF */,
				B29C9ECC762049E18DE8E009 /* Calibri Regular.ttf */,
				6EA1C13BC51D44A39B83CBB5 /* GFSNeohellenic-BoldItalic.ttf */,
				CD57E888D8384E3EAD3A00F2 /* Montserrat-Bold.ttf */,
				7BDBF9E22B7F48E7A5C3FD06 /* Montserrat-Regular.ttf */,
				FFF02644869D4F6EA1C97E84 /* MyGreekFont.ttf */,
				2CDC7B2C29EA49B48311347A /* Roboto-Bold.ttf */,
				26991395002F4A919D2D3E09 /* Rubik-VariableFont_wght.ttf */,
				B145F67316F64244B9364673 /* SendFlowers-Regular.ttf */,
				B1179E4A53B84F32B1DE995D /* times new roman italic.ttf */,
				7F3E93DD80DC470BB80FC561 /* DancingScript-Regular.ttf */,
				3D817C3251B4487F86116FC7 /* NotoSerifHebrew-VariableFont_wdth,wght.ttf */,
				EFBC37399DB64CDCB11A587C /* Bonbon-Regular.ttf */,
				09FADB5AB6444FAB810000CD /* Bongos2-2vp3.ttf */,
				79DF772D06B2434AB62F2D09 /* Wingdings.ttf */,
				8965E5133E01434C9B64AC91 /* Bonbon.ttf */,
				070D963D94D44B64BF2ADC00 /* Baskervville-I.ttf */,
				156176D2066848D9AEBB262B /* Baskervville.ttf */,
				E68AE1892B3E45EF8CBD87F1 /* Calibri.ttf */,
				FA5E39F2BDCE47C9AC9C4D3E /* Cursive.ttf */,
				F7EA33B120E6453EBE668B30 /* Dancing.ttf */,
				CB96697D703D48A4A718C18C /* Festive.ttf */,
				A9189D67B8CC4ED19F3880DB /* Montserrat-B.ttf */,
				DDB7CF2B5598444C935782B8 /* Montserrat.ttf */,
				2F68D526216F4AB4A772B9B1 /* PatrickHand.ttf */,
				2EAC1065EA9342919B034316 /* PTSans-I.ttf */,
				2EFE86DB8DC84A13A2932900 /* PTSans.ttf */,
				FA6905CA2FC443F1AC32073C /* Roboto-B.ttf */,
				F0E336D8F09C4A3AAD375BCB /* Roboto.ttf */,
				6289B4BAC8114EE1BA04DBC6 /* Satisfy.ttf */,
				76A3344C3624407BA5549594 /* SourceSans.ttf */,
				337A8426BC5045878B68CAB7 /* times-italic.ttf */,
			);
			name = Resources;
			sourceTree = "<group>";
			path = "";
		};
/* End PBXGroup section */

/* Begin PBXNativeTarget section */
		00E356ED1AD99517003FC87E /* ANTIJOURNALTests */ = {
			isa = PBXNativeTarget;
			buildConfigurationList = 00E357021AD99517003FC87E /* Build configuration list for PBXNativeTarget "ANTIJOURNALTests" */;
			buildPhases = (
				00E356EA1AD99517003FC87E /* Sources */,
				00E356EB1AD99517003FC87E /* Frameworks */,
				00E356EC1AD99517003FC87E /* Resources */,
			);
			buildRules = (
			);
			dependencies = (
				00E356F51AD99517003FC87E /* PBXTargetDependency */,
			);
			name = ANTIJOURNALTests;
			productName = ANTIJOURNALTests;
			productReference = 00E356EE1AD99517003FC87E /* ANTIJOURNALTests.xctest */;
			productType = "com.apple.product-type.bundle.unit-test";
		};
		13B07F861A680F5B00A75B9A /* ANTIJOURNAL */ = {
			isa = PBXNativeTarget;
			buildConfigurationList = 13B07F931A680F5B00A75B9A /* Build configuration list for PBXNativeTarget "ANTIJOURNAL" */;
			buildPhases = (
				FD10A7F022414F080027D42C /* Start Packager */,
				13B07F871A680F5B00A75B9A /* Sources */,
				13B07F8C1A680F5B00A75B9A /* Frameworks */,
				13B07F8E1A680F5B00A75B9A /* Resources */,
				00DD1BFF1BD5951E006B06BC /* Bundle React Native code and images */,
			);
			buildRules = (
			);
			dependencies = (
			);
			name = ANTIJOURNAL;
			productName = ANTIJOURNAL;
			productReference = 13B07F961A680F5B00A75B9A /* ANTIJOURNAL.app */;
			productType = "com.apple.product-type.application";
		};
/* End PBXNativeTarget section */

/* Begin PBXProject section */
		83CBB9F71A601CBA00E9B192 /* Project object */ = {
			isa = PBXProject;
			attributes = {
				LastUpgradeCheck = 1210;
				TargetAttributes = {
					00E356ED1AD99517003FC87E = {
						CreatedOnToolsVersion = 6.2;
						TestTargetID = 13B07F861A680F5B00A75B9A;
					};
					13B07F861A680F5B00A75B9A = {
						LastSwiftMigration = 1120;
					};
				};
			};
			buildConfigurationList = 83CBB9FA1A601CBA00E9B192 /* Build configuration list for PBXProject "ANTIJOURNAL" */;
			compatibilityVersion = "Xcode 12.0";
			developmentRegion = en;
			hasScannedForEncodings = 0;
			knownRegions = (
				en,
				Base,
			);
			mainGroup = 83CBB9F61A601CBA00E9B192;
			productRefGroup = 83CBBA001A601CBA00E9B192 /* Products */;
			projectDirPath = "";
			projectRoot = "";
			targets = (
				13B07F861A680F5B00A75B9A /* ANTIJOURNAL */,
				00E356ED1AD99517003FC87E /* ANTIJOURNALTests */,
			);
		};
/* End PBXProject section */

/* Begin PBXResourcesBuildPhase section */
		00E356EC1AD99517003FC87E /* Resources */ = {
			isa = PBXResourcesBuildPhase;
			buildActionMask = 2147483647;
			files = (
			);
			runOnlyForDeploymentPostprocessing = 0;
		};
		13B07F8E1A680F5B00A75B9A /* Resources */ = {
			isa = PBXResourcesBuildPhase;
			buildActionMask = 2147483647;
			files = (
				81AB9BB82411601600AC10FF /* LaunchScreen.storyboard in Resources */,
				13B07FBF1A68108700A75B9A /* Images.xcassets in Resources */,
				D12C44A9D8FC4A36A77B0172 /* Baskervville-Italic.ttf in Resources */,
				CC9C6FE0723D4311B8C8EFE6 /* Baskervville-Regular.ttf in Resources */,
				1C66C359F66245689339CC1D /* CedarvilleCursive-Regular.ttf in Resources */,
				BF8CF6FCA4DB4955AE5B8BD5 /* Festive-Regular.ttf in Resources */,
				331B80E23B00424CBEE5A843 /* Montserrat-Italic-VariableFont_wght.ttf in Resources */,
				73558BB1A12A4D2492044C77 /* Montserrat-VariableFont_wght.ttf in Resources */,
				4653FC442912496C94094C9B /* PatrickHand-Regular.ttf in Resources */,
				DD8FAF9A9A154621B7F98827 /* PTSans-Italic.ttf in Resources */,
				220829FED6ED48598F6E3A00 /* PTSans-Regular.ttf in Resources */,
				E1EDACDC28BF478587342786 /* Roboto-Regular.ttf in Resources */,
				BFA59920B88D45329F42C3AC /* Satisfy-Regular.ttf in Resources */,
				050153731E07489BB676EAA0 /* SourceSansPro-Regular.ttf in Resources */,
				A01727ED197745BEBADD22BF /* Bangers-Regular.ttf in Resources */,
				C9BC4FC2A3294469847FC645 /* Calibri Bold.TTF in Resources */,
				7600AAA3F8F54318AFCCD566 /* Calibri Regular.ttf in Resources */,
				7C697FED47724788818AD9A7 /* GFSNeohellenic-BoldItalic.ttf in Resources */,
				FCDB529FC5424F25B5AB39DD /* Montserrat-Bold.ttf in Resources */,
				8C649F00D68B4EF89DFC3EAA /* Montserrat-Regular.ttf in Resources */,
				9B07C30DA5AD4A14A44F8877 /* MyGreekFont.ttf in Resources */,
				9479A791B4AF4F9A8233A243 /* Roboto-Bold.ttf in Resources */,
				3AADF039E00C4561A7DD3139 /* Rubik-VariableFont_wght.ttf in Resources */,
				2C9F657F4A574B81A39279C1 /* SendFlowers-Regular.ttf in Resources */,
				03535A03782A4A5981D470CB /* times new roman italic.ttf in Resources */,
				F5D024AFC26D40B0BB8EACAF /* DancingScript-Regular.ttf in Resources */,
				2FDFE2E8EF214E0FAB34E8EE /* NotoSerifHebrew-VariableFont_wdth,wght.ttf in Resources */,
				CAE4D0DD7AD640B8BFC969CA /* Bonbon-Regular.ttf in Resources */,
				15ED115787474C7D914E9C25 /* Bongos2-2vp3.ttf in Resources */,
				5E5171D130D9428294BFD0AD /* Wingdings.ttf in Resources */,
				3A059475988B492C8E257BD5 /* Bonbon.ttf in Resources */,
				5D6960404F0C4FD9B6BB5D27 /* Baskervville-I.ttf in Resources */,
				3E0AD8BBDB444D3CBD78D97A /* Baskervville.ttf in Resources */,
				B63A94BB78EA40C19B87DB6D /* Calibri.ttf in Resources */,
				CF909FC25CE540B9846956D0 /* Cursive.ttf in Resources */,
				B7B6BCF4EE87413B84BCF8EE /* Dancing.ttf in Resources */,
				B8BE812E61FC4FEFB574B31E /* Festive.ttf in Resources */,
				6B37BDC22FFB498B98A8EDCF /* Montserrat-B.ttf in Resources */,
				AD1C53BF5D2C4881AD463218 /* Montserrat.ttf in Resources */,
				D93B0C903D084AE2A8726AEA /* PatrickHand.ttf in Resources */,
				4F2D05A269D94ED4BA301EFD /* PTSans-I.ttf in Resources */,
				F4592A0755D44351981A2A01 /* PTSans.ttf in Resources */,
				A8ABBF57115043898A868301 /* Roboto-B.ttf in Resources */,
				547A083834AE4FD6B0E3F0F5 /* Roboto.ttf in Resources */,
				F02735D5491E4CF590B3E334 /* Satisfy.ttf in Resources */,
				26ABB461D4E244E186B32FE0 /* SourceSans.ttf in Resources */,
				4F45ACFBEDCA49258A0B05C9 /* times-italic.ttf in Resources */,
			);
			runOnlyForDeploymentPostprocessing = 0;
		};
/* End PBXResourcesBuildPhase section */

/* Begin PBXShellScriptBuildPhase section */
		00DD1BFF1BD5951E006B06BC /* Bundle React Native code and images */ = {
			isa = PBXShellScriptBuildPhase;
			buildActionMask = 2147483647;
			files = (
			);
			inputPaths = (
			);
			name = "Bundle React Native code and images";
			outputPaths = (
			);
			runOnlyForDeploymentPostprocessing = 0;
			shellPath = /bin/sh;
			shellScript = "set -e\n\nexport NODE_BINARY=node\n../node_modules/react-native/scripts/react-native-xcode.sh\n";
		};
		FD10A7F022414F080027D42C /* Start Packager */ = {
			isa = PBXShellScriptBuildPhase;
			buildActionMask = 2147483647;
			files = (
			);
			inputFileListPaths = (
			);
			inputPaths = (
			);
			name = "Start Packager";
			outputFileListPaths = (
			);
			outputPaths = (
			);
			runOnlyForDeploymentPostprocessing = 0;
			shellPath = /bin/sh;
			shellScript = "export RCT_METRO_PORT=\"${RCT_METRO_PORT:=8081}\"\necho \"export RCT_METRO_PORT=${RCT_METRO_PORT}\" > \"${SRCROOT}/../node_modules/react-native/scripts/.packager.env\"\nif [ -z \"${RCT_NO_LAUNCH_PACKAGER+xxx}\" ] ; then\n  if nc -w 5 -z localhost ${RCT_METRO_PORT} ; then\n    if ! curl -s \"http://localhost:${RCT_METRO_PORT}/status\" | grep -q \"packager-status:running\" ; then\n      echo \"Port ${RCT_METRO_PORT} already in use, packager is either not running or not running correctly\"\n      exit 2\n    fi\n  else\n    open \"$SRCROOT/../node_modules/react-native/scripts/launchPackager.command\" || echo \"Can't start packager automatically\"\n  fi\nfi\n";
			showEnvVarsInLog = 0;
		};
/* End PBXShellScriptBuildPhase section */

/* Begin PBXSourcesBuildPhase section */
		00E356EA1AD99517003FC87E /* Sources */ = {
			isa = PBXSourcesBuildPhase;
			buildActionMask = 2147483647;
			files = (
				00E356F31AD99517003FC87E /* ANTIJOURNALTests.m in Sources */,
			);
			runOnlyForDeploymentPostprocessing = 0;
		};
		13B07F871A680F5B00A75B9A /* Sources */ = {
			isa = PBXSourcesBuildPhase;
			buildActionMask = 2147483647;
			files = (
				13B07FBC1A68108700A75B9A /* AppDelegate.m in Sources */,
				13B07FC11A68108700A75B9A /* main.m in Sources */,
			);
			runOnlyForDeploymentPostprocessing = 0;
		};
/* End PBXSourcesBuildPhase section */

/* Begin PBXTargetDependency section */
		00E356F51AD99517003FC87E /* PBXTargetDependency */ = {
			isa = PBXTargetDependency;
			target = 13B07F861A680F5B00A75B9A /* ANTIJOURNAL */;
			targetProxy = 00E356F41AD99517003FC87E /* PBXContainerItemProxy */;
		};
/* End PBXTargetDependency section */

/* Begin XCBuildConfiguration section */
		00E356F61AD99517003FC87E /* Debug */ = {
			isa = XCBuildConfiguration;
			buildSettings = {
				BUNDLE_LOADER = "$(TEST_HOST)";
				GCC_PREPROCESSOR_DEFINITIONS = (
					"DEBUG=1",
					"$(inherited)",
				);
				INFOPLIST_FILE = ANTIJOURNALTests/Info.plist;
				IPHONEOS_DEPLOYMENT_TARGET = 11.0;
				LD_RUNPATH_SEARCH_PATHS = (
					"$(inherited)",
					"@executable_path/Frameworks",
					"@loader_path/Frameworks",
				);
				OTHER_LDFLAGS = (
					"-ObjC",
					"-lc++",
					"$(inherited)",
				);
				PRODUCT_BUNDLE_IDENTIFIER = "org.reactjs.native.example.$(PRODUCT_NAME:rfc1034identifier)";
				PRODUCT_NAME = "$(TARGET_NAME)";
				TEST_HOST = "$(BUILT_PRODUCTS_DIR)/ANTIJOURNAL.app/ANTIJOURNAL";
			};
			name = Debug;
		};
		00E356F71AD99517003FC87E /* Release */ = {
			isa = XCBuildConfiguration;
			buildSettings = {
				BUNDLE_LOADER = "$(TEST_HOST)";
				COPY_PHASE_STRIP = NO;
				INFOPLIST_FILE = ANTIJOURNALTests/Info.plist;
				IPHONEOS_DEPLOYMENT_TARGET = 11.0;
				LD_RUNPATH_SEARCH_PATHS = (
					"$(inherited)",
					"@executable_path/Frameworks",
					"@loader_path/Frameworks",
				);
				OTHER_LDFLAGS = (
					"-ObjC",
					"-lc++",
					"$(inherited)",
				);
				PRODUCT_BUNDLE_IDENTIFIER = "org.reactjs.native.example.$(PRODUCT_NAME:rfc1034identifier)";
				PRODUCT_NAME = "$(TARGET_NAME)";
				TEST_HOST = "$(BUILT_PRODUCTS_DIR)/ANTIJOURNAL.app/ANTIJOURNAL";
			};
			name = Release;
		};
		13B07F941A680F5B00A75B9A /* Debug */ = {
			isa = XCBuildConfiguration;
			buildSettings = {
				ASSETCATALOG_COMPILER_APPICON_NAME = AppIcon;
				CLANG_ENABLE_MODULES = YES;
				CURRENT_PROJECT_VERSION = 1;
				ENABLE_BITCODE = NO;
				INFOPLIST_FILE = ANTIJOURNAL/Info.plist;
				LD_RUNPATH_SEARCH_PATHS = (
					"$(inherited)",
					"@executable_path/Frameworks",
				);
				OTHER_LDFLAGS = (
					"$(inherited)",
					"-ObjC",
					"-lc++",
				);
				PRODUCT_BUNDLE_IDENTIFIER = "org.reactjs.native.example.$(PRODUCT_NAME:rfc1034identifier)";
				PRODUCT_NAME = ANTIJOURNAL;
				SWIFT_OPTIMIZATION_LEVEL = "-Onone";
				SWIFT_VERSION = 5.0;
				VERSIONING_SYSTEM = "apple-generic";
			};
			name = Debug;
		};
		13B07F951A680F5B00A75B9A /* Release */ = {
			isa = XCBuildConfiguration;
			buildSettings = {
				ASSETCATALOG_COMPILER_APPICON_NAME = AppIcon;
				CLANG_ENABLE_MODULES = YES;
				CURRENT_PROJECT_VERSION = 1;
				INFOPLIST_FILE = ANTIJOURNAL/Info.plist;
				LD_RUNPATH_SEARCH_PATHS = (
					"$(inherited)",
					"@executable_path/Frameworks",
				);
				OTHER_LDFLAGS = (
					"$(inherited)",
					"-ObjC",
					"-lc++",
				);
				PRODUCT_BUNDLE_IDENTIFIER = "org.reactjs.native.example.$(PRODUCT_NAME:rfc1034identifier)";
				PRODUCT_NAME = ANTIJOURNAL;
				SWIFT_VERSION = 5.0;
				VERSIONING_SYSTEM = "apple-generic";
			};
			name = Release;
		};
		83CBBA201A601CBA00E9B192 /* Debug */ = {
			isa = XCBuildConfiguration;
			buildSettings = {
				ALWAYS_SEARCH_USER_PATHS = NO;
				CLANG_ANALYZER_LOCALIZABILITY_NONLOCALIZED = YES;
				CLANG_CXX_LANGUAGE_STANDARD = "gnu++0x";
				CLANG_CXX_LIBRARY = "libc++";
				CLANG_ENABLE_MODULES = YES;
				CLANG_ENABLE_OBJC_ARC = YES;
				CLANG_WARN_BLOCK_CAPTURE_AUTORELEASING = YES;
				CLANG_WARN_BOOL_CONVERSION = YES;
				CLANG_WARN_COMMA = YES;
				CLANG_WARN_CONSTANT_CONVERSION = YES;
				CLANG_WARN_DEPRECATED_OBJC_IMPLEMENTATIONS = YES;
				CLANG_WARN_DIRECT_OBJC_ISA_USAGE = YES_ERROR;
				CLANG_WARN_EMPTY_BODY = YES;
				CLANG_WARN_ENUM_CONVERSION = YES;
				CLANG_WARN_INFINITE_RECURSION = YES;
				CLANG_WARN_INT_CONVERSION = YES;
				CLANG_WARN_NON_LITERAL_NULL_CONVERSION = YES;
				CLANG_WARN_OBJC_IMPLICIT_RETAIN_SELF = YES;
				CLANG_WARN_OBJC_LITERAL_CONVERSION = YES;
				CLANG_WARN_OBJC_ROOT_CLASS = YES_ERROR;
				CLANG_WARN_QUOTED_INCLUDE_IN_FRAMEWORK_HEADER = YES;
				CLANG_WARN_RANGE_LOOP_ANALYSIS = YES;
				CLANG_WARN_STRICT_PROTOTYPES = YES;
				CLANG_WARN_SUSPICIOUS_MOVE = YES;
				CLANG_WARN_UNREACHABLE_CODE = YES;
				CLANG_WARN__DUPLICATE_METHOD_MATCH = YES;
				"CODE_SIGN_IDENTITY[sdk=iphoneos*]" = "iPhone Developer";
				COPY_PHASE_STRIP = NO;
				ENABLE_STRICT_OBJC_MSGSEND = YES;
				ENABLE_TESTABILITY = YES;
				GCC_C_LANGUAGE_STANDARD = gnu99;
				GCC_DYNAMIC_NO_PIC = NO;
				GCC_NO_COMMON_BLOCKS = YES;
				GCC_OPTIMIZATION_LEVEL = 0;
				GCC_PREPROCESSOR_DEFINITIONS = (
					"DEBUG=1",
					"$(inherited)",
				);
				GCC_SYMBOLS_PRIVATE_EXTERN = NO;
				GCC_WARN_64_TO_32_BIT_CONVERSION = YES;
				GCC_WARN_ABOUT_RETURN_TYPE = YES_ERROR;
				GCC_WARN_UNDECLARED_SELECTOR = YES;
				GCC_WARN_UNINITIALIZED_AUTOS = YES_AGGRESSIVE;
				GCC_WARN_UNUSED_FUNCTION = YES;
				GCC_WARN_UNUSED_VARIABLE = YES;
				IPHONEOS_DEPLOYMENT_TARGET = 11.0;
				LD_RUNPATH_SEARCH_PATHS = (
					/usr/lib/swift,
					"$(inherited)",
				);
				LIBRARY_SEARCH_PATHS = (
					"\"$(SDKROOT)/usr/lib/swift\"",
					"\"$(TOOLCHAIN_DIR)/usr/lib/swift/$(PLATFORM_NAME)\"",
					"\"$(TOOLCHAIN_DIR)/usr/lib/swift-5.0/$(PLATFORM_NAME)\"",
					"\"$(inherited)\"",
				);
				MTL_ENABLE_DEBUG_INFO = YES;
				ONLY_ACTIVE_ARCH = YES;
				SDKROOT = iphoneos;
			};
			name = Debug;
		};
		83CBBA211A601CBA00E9B192 /* Release */ = {
			isa = XCBuildConfiguration;
			buildSettings = {
				ALWAYS_SEARCH_USER_PATHS = NO;
				CLANG_ANALYZER_LOCALIZABILITY_NONLOCALIZED = YES;
				CLANG_CXX_LANGUAGE_STANDARD = "gnu++0x";
				CLANG_CXX_LIBRARY = "libc++";
				CLANG_ENABLE_MODULES = YES;
				CLANG_ENABLE_OBJC_ARC = YES;
				CLANG_WARN_BLOCK_CAPTURE_AUTORELEASING = YES;
				CLANG_WARN_BOOL_CONVERSION = YES;
				CLANG_WARN_COMMA = YES;
				CLANG_WARN_CONSTANT_CONVERSION = YES;
				CLANG_WARN_DEPRECATED_OBJC_IMPLEMENTATIONS = YES;
				CLANG_WARN_DIRECT_OBJC_ISA_USAGE = YES_ERROR;
				CLANG_WARN_EMPTY_BODY = YES;
				CLANG_WARN_ENUM_CONVERSION = YES;
				CLANG_WARN_INFINITE_RECURSION = YES;
				CLANG_WARN_INT_CONVERSION = YES;
				CLANG_WARN_NON_LITERAL_NULL_CONVERSION = YES;
				CLANG_WARN_OBJC_IMPLICIT_RETAIN_SELF = YES;
				CLANG_WARN_OBJC_LITERAL_CONVERSION = YES;
				CLANG_WARN_OBJC_ROOT_CLASS = YES_ERROR;
				CLANG_WARN_QUOTED_INCLUDE_IN_FRAMEWORK_HEADER = YES;
				CLANG_WARN_RANGE_LOOP_ANALYSIS = YES;
				CLANG_WARN_STRICT_PROTOTYPES = YES;
				CLANG_WARN_SUSPICIOUS_MOVE = YES;
				CLANG_WARN_UNREACHABLE_CODE = YES;
				CLANG_WARN__DUPLICATE_METHOD_MATCH = YES;
				"CODE_SIGN_IDENTITY[sdk=iphoneos*]" = "iPhone Developer";
				COPY_PHASE_STRIP = YES;
				ENABLE_NS_ASSERTIONS = NO;
				ENABLE_STRICT_OBJC_MSGSEND = YES;
				GCC_C_LANGUAGE_STANDARD = gnu99;
				GCC_NO_COMMON_BLOCKS = YES;
				GCC_WARN_64_TO_32_BIT_CONVERSION = YES;
				GCC_WARN_ABOUT_RETURN_TYPE = YES_ERROR;
				GCC_WARN_UNDECLARED_SELECTOR = YES;
				GCC_WARN_UNINITIALIZED_AUTOS = YES_AGGRESSIVE;
				GCC_WARN_UNUSED_FUNCTION = YES;
				GCC_WARN_UNUSED_VARIABLE = YES;
				IPHONEOS_DEPLOYMENT_TARGET = 11.0;
				LD_RUNPATH_SEARCH_PATHS = (
					/usr/lib/swift,
					"$(inherited)",
				);
				LIBRARY_SEARCH_PATHS = (
					"\"$(SDKROOT)/usr/lib/swift\"",
					"\"$(TOOLCHAIN_DIR)/usr/lib/swift/$(PLATFORM_NAME)\"",
					"\"$(TOOLCHAIN_DIR)/usr/lib/swift-5.0/$(PLATFORM_NAME)\"",
					"\"$(inherited)\"",
				);
				MTL_ENABLE_DEBUG_INFO = NO;
				SDKROOT = iphoneos;
				VALIDATE_PRODUCT = YES;
			};
			name = Release;
		};
/* End XCBuildConfiguration section */

/* Begin XCConfigurationList section */
		00E357021AD99517003FC87E /* Build configuration list for PBXNativeTarget "ANTIJOURNALTests" */ = {
			isa = XCConfigurationList;
			buildConfigurations = (
				00E356F61AD99517003FC87E /* Debug */,
				00E356F71AD99517003FC87E /* Release */,
			);
			defaultConfigurationIsVisible = 0;
			defaultConfigurationName = Release;
		};
		13B07F931A680F5B00A75B9A /* Build configuration list for PBXNativeTarget "ANTIJOURNAL" */ = {
			isa = XCConfigurationList;
			buildConfigurations = (
				13B07F941A680F5B00A75B9A /* Debug */,
				13B07F951A680F5B00A75B9A /* Release */,
			);
			defaultConfigurationIsVisible = 0;
			defaultConfigurationName = Release;
		};
		83CBB9FA1A601CBA00E9B192 /* Build configuration list for PBXProject "ANTIJOURNAL" */ = {
			isa = XCConfigurationList;
			buildConfigurations = (
				83CBBA201A601CBA00E9B192 /* Debug */,
				83CBBA211A601CBA00E9B192 /* Release */,
			);
			defaultConfigurationIsVisible = 0;
			defaultConfigurationName = Release;
		};
/* End XCConfigurationList section */
	};
	rootObject = 83CBB9F71A601CBA00E9B192 /* Project object */;
}
